<?xml version="1.0" encoding="utf-8"?>
<Project ToolsVersion="4.0" xmlns="http://schemas.microsoft.com/developer/msbuild/2003">
  <ItemGroup>
    <Filter Include="Source Files">
      <UniqueIdentifier>{4FC737F1-C7A5-4376-A066-2A32D752A2FF}</UniqueIdentifier>
      <Extensions>cpp;c;cc;cxx;def;odl;idl;hpj;bat;asm;asmx</Extensions>
    </Filter>
    <Filter Include="Header Files">
      <UniqueIdentifier>{93995380-89BD-4b04-88EB-625FBE52EBFB}</UniqueIdentifier>
      <Extensions>h;hh;hpp;hxx;hm;inl;inc;xsd</Extensions>
    </Filter>
    <Filter Include="Resource Files">
      <UniqueIdentifier>{67DA6AB6-F800-4c08-8B7A-83BB121AAD01}</UniqueIdentifier>
      <Extensions>rc;ico;cur;bmp;dlg;rc2;rct;bin;rgs;gif;jpg;jpeg;jpe;resx;tiff;tif;png;wav;mfcribbon-ms</Extensions>
    </Filter>
  </ItemGroup>
  <ItemGroup>
    <ClCompile Include="source\DatabaseManager.cpp">
      <Filter>Source Files</Filter>
    </ClCompile>
    <ClCompile Include="source\FrameWorkHelpers.cpp">
      <Filter>Source Files</Filter>
    </ClCompile>
    <ClCompile Include="source\GLAHGraphics.cpp">
      <Filter>Source Files</Filter>
    </ClCompile>
    <ClCompile Include="source\main.cpp">
      <Filter>Source Files</Filter>
    </ClCompile>
    <ClCompile Include="source\Vector.cpp">
      <Filter>Source Files</Filter>
    </ClCompile>
    <ClCompile Include="source\sqlite3.c">
      <Filter>Source Files</Filter>
    </ClCompile>
    <ClCompile Include="source\Terrain.cpp">
      <Filter>Source Files</Filter>
    </ClCompile>
    <ClCompile Include="source\Player.cpp">
      <Filter>Source Files</Filter>
    </ClCompile>
    <ClCompile Include="source\Enemy.cpp">
      <Filter>Source Files</Filter>
    </ClCompile>
    <ClCompile Include="source\SetupGame.cpp">
      <Filter>Source Files</Filter>
    </ClCompile>
    <ClCompile Include="source\GLText.cpp">
      <Filter>Source Files</Filter>
    </ClCompile>
    <ClCompile Include="source\UVTranslator.cpp">
      <Filter>Source Files</Filter>
    </ClCompile>
    <ClCompile Include="source\OuterLoop.cpp">
      <Filter>Source Files</Filter>
    </ClCompile>
    <ClCompile Include="source\PSGameController.cpp">
      <Filter>Source Files</Filter>
    </ClCompile>
    <ClCompile Include="source\PSMainMenu.cpp">
      <Filter>Source Files</Filter>
    </ClCompile>
    <ClCompile Include="source\PSLevelSelect.cpp">
      <Filter>Source Files</Filter>
    </ClCompile>
    <ClCompile Include="source\Goal.cpp">
      <Filter>Source Files</Filter>
    </ClCompile>
  </ItemGroup>
  <ItemGroup>
    <ClInclude Include="source\DatabaseManager.h">
      <Filter>Header Files</Filter>
    </ClInclude>
    <ClInclude Include="source\FrameworkHelpers.h">
      <Filter>Header Files</Filter>
    </ClInclude>
    <ClInclude Include="source\Vector.h">
      <Filter>Header Files</Filter>
    </ClInclude>
    <ClInclude Include="source\Terrain.h">
      <Filter>Header Files</Filter>
    </ClInclude>
    <ClInclude Include="source\Player.h">
      <Filter>Header Files</Filter>
    </ClInclude>
    <ClInclude Include="source\Enemy.h">
      <Filter>Header Files</Filter>
    </ClInclude>
    <ClInclude Include="source\SetupGame.h">
      <Filter>Header Files</Filter>
    </ClInclude>
    <ClInclude Include="source\GLText.h">
      <Filter>Header Files</Filter>
    </ClInclude>
    <ClInclude Include="source\UVTranslator.h">
      <Filter>Header Files</Filter>
    </ClInclude>
    <ClInclude Include="source\ProgramState.h">
      <Filter>Header Files</Filter>
    </ClInclude>
    <ClInclude Include="source\OuterLoop.h">
      <Filter>Header Files</Filter>
    </ClInclude>
    <ClInclude Include="source\PSGameController.h">
      <Filter>Header Files</Filter>
    </ClInclude>
    <ClInclude Include="source\PSMainMenu.h">
      <Filter>Header Files</Filter>
    </ClInclude>
    <ClInclude Include="source\Rect.h">
      <Filter>Header Files</Filter>
    </ClInclude>
    <ClInclude Include="source\CONSTS.h">
      <Filter>Header Files</Filter>
    </ClInclude>
    <ClInclude Include="source\GLAHGraphics.h">
      <Filter>Header Files</Filter>
    </ClInclude>
    <ClInclude Include="source\InputListener.h">
      <Filter>Header Files</Filter>
    </ClInclude>
    <ClInclude Include="source\PSLevelSelect.h">
      <Filter>Header Files</Filter>
    </ClInclude>
    <ClInclude Include="source\Goal.h">
      <Filter>Header Files</Filter>
    </ClInclude>
  </ItemGroup>
</Project>